
Microsoft Visual Studio Solution File, Format Version 12.00
# Visual Studio Version 17
VisualStudioVersion = 17.4.33205.214
MinimumVisualStudioVersion = 10.0.40219.1
Project("{9A19103F-16F7-4668-BE54-9A1E7A4F7556}") = "Books.API", "Books.API\Books.API.csproj", "{722321B7-81EF-4A05-A29F-D4CB1F33B232}"
EndProject
Project("{9A19103F-16F7-4668-BE54-9A1E7A4F7556}") = "BookCovers.API", "BookCovers.API\BookCovers.API.csproj", "{7C2A6BA8-A2BE-4981-8C58-124FAA5F9593}"
EndProject
Project("{9A19103F-16F7-4668-BE54-9A1E7A4F7556}") = "Books.Legacy", "Books.Legacy\Books.Legacy.csproj", "{DF4C38E5-C5B2-451A-B513-4A2526C79EC1}"
EndProject
Global
	GlobalSection(SolutionConfigurationPlatforms) = preSolution
		Debug|Any CPU = Debug|Any CPU
		Release|Any CPU = Release|Any CPU
	EndGlobalSection
	GlobalSection(ProjectConfigurationPlatforms) = postSolution
		{722321B7-81EF-4A05-A29F-D4CB1F33B232}.Debug|Any CPU.ActiveCfg = Debug|Any CPU
		{722321B7-81EF-4A05-A29F-D4CB1F33B232}.Debug|Any CPU.Build.0 = Debug|Any CPU
		{722321B7-81EF-4A05-A29F-D4CB1F33B232}.Release|Any CPU.ActiveCfg = Release|Any CPU
		{722321B7-81EF-4A05-A29F-D4CB1F33B232}.Release|Any CPU.Build.0 = Release|Any CPU
		{7C2A6BA8-A2BE-4981-8C58-124FAA5F9593}.Debug|Any CPU.ActiveCfg = Debug|Any CPU
		{7C2A6BA8-A2BE-4981-8C58-124FAA5F9593}.Debug|Any CPU.Build.0 = Debug|Any CPU
		{7C2A6BA8-A2BE-4981-8C58-124FAA5F9593}.Release|Any CPU.ActiveCfg = Release|Any CPU
		{7C2A6BA8-A2BE-4981-8C58-124FAA5F9593}.Release|Any CPU.Build.0 = Release|Any CPU
		{DF4C38E5-C5B2-451A-B513-4A2526C79EC1}.Debug|Any CPU.ActiveCfg = Debug|Any CPU
		{DF4C38E5-C5B2-451A-B513-4A2526C79EC1}.Debug|Any CPU.Build.0 = Debug|Any CPU
		{DF4C38E5-C5B2-451A-B513-4A2526C79EC1}.Release|Any CPU.ActiveCfg = Release|Any CPU
		{DF4C38E5-C5B2-451A-B513-4A2526C79EC1}.Release|Any CPU.Build.0 = Release|Any CPU
	EndGlobalSection
	GlobalSection(SolutionProperties) = preSolution
		HideSolutionNode = FALSE
	EndGlobalSection
	GlobalSection(ExtensibilityGlobals) = postSolution
		SolutionGuid = {54E10869-9C39-48D1-8636-1979AB4C43F0}
	EndGlobalSection
EndGlobal
